// !$*UTF8*$!
{
	archiveVersion = 1;
	classes = {
	};
	objectVersion = 46;
	objects = {

/* Begin PBXBuildFile section */
		3872E2961E8FA9E4000D44AF /* AppDelegate.swift in Sources */ = {isa = PBXBuildFile; fileRef = 3872E2951E8FA9E4000D44AF /* AppDelegate.swift */; };
		3872E2981E8FA9E4000D44AF /* ViewController.swift in Sources */ = {isa = PBXBuildFile; fileRef = 3872E2971E8FA9E4000D44AF /* ViewController.swift */; };
		3872E29B1E8FA9E4000D44AF /* Main.storyboard in Resources */ = {isa = PBXBuildFile; fileRef = 3872E2991E8FA9E4000D44AF /* Main.storyboard */; };
		3872E29D1E8FA9E4000D44AF /* Assets.xcassets in Resources */ = {isa = PBXBuildFile; fileRef = 3872E29C1E8FA9E4000D44AF /* Assets.xcassets */; };
		3872E2A01E8FA9E4000D44AF /* LaunchScreen.storyboard in Resources */ = {isa = PBXBuildFile; fileRef = 3872E29E1E8FA9E4000D44AF /* LaunchScreen.storyboard */; };
/* End PBXBuildFile section */

/* Begin PBXFileReference section */
		3872E2921E8FA9E4000D44AF /* TVM.app */ = {isa = PBXFileReference; explicitFileType = wrapper.application; includeInIndex = 0; path = TVM.app; sourceTree = BUILT_PRODUCTS_DIR; };
		3872E2951E8FA9E4000D44AF /* AppDelegate.swift */ = {isa = PBXFileReference; lastKnownFileType = sourcecode.swift; path = AppDelegate.swift; sourceTree = "<group>"; };
		3872E2971E8FA9E4000D44AF /* ViewController.swift */ = {isa = PBXFileReference; lastKnownFileType = sourcecode.swift; path = ViewController.swift; sourceTree = "<group>"; };
		3872E29A1E8FA9E4000D44AF /* Base */ = {isa = PBXFileReference; lastKnownFileType = file.storyboard; name = Base; path = Base.lproj/Main.storyboard; sourceTree = "<group>"; };
		3872E29C1E8FA9E4000D44AF /* Assets.xcassets */ = {isa = PBXFileReference; lastKnownFileType = folder.assetcatalog; path = Assets.xcassets; sourceTree = "<group>"; };
		3872E29F1E8FA9E4000D44AF /* Base */ = {isa = PBXFileReference; lastKnownFileType = file.storyboard; name = Base; path = Base.lproj/LaunchScreen.storyboard; sourceTree = "<group>"; };
		3872E2A11E8FA9E4000D44AF /* Info.plist */ = {isa = PBXFileReference; lastKnownFileType = text.plist.xml; path = Info.plist; sourceTree = "<group>"; };
/* End PBXFileReference section */

/* Begin PBXFrameworksBuildPhase section */
		3872E28F1E8FA9E4000D44AF /* Frameworks */ = {
			isa = PBXFrameworksBuildPhase;
			buildActionMask = 2147483647;
			files = (
			);
			runOnlyForDeploymentPostprocessing = 0;
		};
/* End PBXFrameworksBuildPhase section */

/* Begin PBXGroup section */
		3872E2891E8FA9E4000D44AF = {
			isa = PBXGroup;
			children = (
				3872E2941E8FA9E4000D44AF /* TVM */,
				3872E2931E8FA9E4000D44AF /* Products */,
			);
			sourceTree = "<group>";
		};
		3872E2931E8FA9E4000D44AF /* Products */ = {
			isa = PBXGroup;
			children = (
				3872E2921E8FA9E4000D44AF /* TVM.app */,
			);
			name = Products;
			sourceTree = "<group>";
		};
		3872E2941E8FA9E4000D44AF /* TVM */ = {
			isa = PBXGroup;
			children = (
				3872E2951E8FA9E4000D44AF /* AppDelegate.swift */,
				3872E2971E8FA9E4000D44AF /* ViewController.swift */,
				3872E2991E8FA9E4000D44AF /* Main.storyboard */,
				3872E29C1E8FA9E4000D44AF /* Assets.xcassets */,
				3872E29E1E8FA9E4000D44AF /* LaunchScreen.storyboard */,
				3872E2A11E8FA9E4000D44AF /* Info.plist */,
			);
			path = TVM;
			sourceTree = "<group>";
		};
/* End PBXGroup section */

/* Begin PBXNativeTarget section */
		3872E2911E8FA9E4000D44AF /* TVM */ = {
			isa = PBXNativeTarget;
			buildConfigurationList = 3872E2A41E8FA9E4000D44AF /* Build configuration list for PBXNativeTarget "TVM" */;
			buildPhases = (
				3872E28E1E8FA9E4000D44AF /* Sources */,
				3872E28F1E8FA9E4000D44AF /* Frameworks */,
				3872E2901E8FA9E4000D44AF /* Resources */,
			);
			buildRules = (
			);
			dependencies = (
			);
			name = TVM;
			productName = TVM;
			productReference = 3872E2921E8FA9E4000D44AF /* TVM.app */;
			productType = "com.apple.product-type.application";
		};
/* End PBXNativeTarget section */

/* Begin PBXProject section */
		3872E28A1E8FA9E4000D44AF /* Project object */ = {
			isa = PBXProject;
			attributes = {
				LastSwiftUpdateCheck = 0830;
				LastUpgradeCheck = 0830;
				ORGANIZATIONNAME = nunev;
				TargetAttributes = {
					3872E2911E8FA9E4000D44AF = {
						CreatedOnToolsVersion = 8.3;
						ProvisioningStyle = Automatic;
					};
				};
			};
			buildConfigurationList = 3872E28D1E8FA9E4000D44AF /* Build configuration list for PBXProject "TVM" */;
			compatibilityVersion = "Xcode 3.2";
			developmentRegion = English;
			hasScannedForEncodings = 0;
			knownRegions = (
				en,
				Base,
			);
			mainGroup = 3872E2891E8FA9E4000D44AF;
			productRefGroup = 3872E2931E8FA9E4000D44AF /* Products */;
			projectDirPath = "";
			projectRoot = "";
			targets = (
				3872E2911E8FA9E4000D44AF /* TVM */,
			);
		};
/* End PBXProject section */

/* Begin PBXResourcesBuildPhase section */
		3872E2901E8FA9E4000D44AF /* Resources */ = {
			isa = PBXResourcesBuildPhase;
			buildActionMask = 2147483647;
			files = (
				3872E2A01E8FA9E4000D44AF /* LaunchScreen.storyboard in Resources */,
				3872E29D1E8FA9E4000D44AF /* Assets.xcassets in Resources */,
				3872E29B1E8FA9E4000D44AF /* Main.storyboard in Resources */,
			);
			runOnlyForDeploymentPostprocessing = 0;
		};
/* End PBXResourcesBuildPhase section */

/* Begin PBXSourcesBuildPhase section */
		3872E28E1E8FA9E4000D44AF /* Sources */ = {
			isa = PBXSourcesBuildPhase;
			buildActionMask = 2147483647;
			files = (
				3872E2981E8FA9E4000D44AF /* ViewController.swift in Sources */,
				3872E2961E8FA9E4000D44AF /* AppDelegate.swift in Sources */,
			);
			runOnlyForDeploymentPostprocessing = 0;
		};
/* End PBXSourcesBuildPhase section */

/* Begin PBXVariantGroup section */
		3872E2991E8FA9E4000D44AF /* Main.storyboard */ = {
			isa = PBXVariantGroup;
			children = (
				3872E29A1E8FA9E4000D44AF /* Base */,
			);
			name = Main.storyboard;
			sourceTree = "<group>";
		};
		3872E29E1E8FA9E4000D44AF /* LaunchScreen.storyboard */ = {
			isa = PBXVariantGroup;
			children = (
				3872E29F1E8FA9E4000D44AF /* Base */,
			);
			name = LaunchScreen.storyboard;
			sourceTree = "<group>";
		};
/* End PBXVariantGroup section */

/* Begin XCBuildConfiguration section */
		3872E2A21E8FA9E4000D44AF /* Debug */ = {
			isa = XCBuildConfiguration;
			buildSettings = {
				ALWAYS_SEARCH_USER_PATHS = NO;
				CLANG_ANALYZER_NONNULL = YES;
				CLANG_ANALYZER_NUMBER_OBJECT_CONVERSION = YES_AGGRESSIVE;
				CLANG_CXX_LANGUAGE_STANDARD = "gnu++0x";
				CLANG_CXX_LIBRARY = "libc++";
				CLANG_ENABLE_MODULES = YES;
				CLANG_ENABLE_OBJC_ARC = YES;
				CLANG_WARN_BOOL_CONVERSION = YES;
				CLANG_WARN_CONSTANT_CONVERSION = YES;
				CLANG_WARN_DIRECT_OBJC_ISA_USAGE = YES_ERROR;
				CLANG_WARN_DOCUMENTATION_COMMENTS = YES;
				CLANG_WARN_EMPTY_BODY = YES;
				CLANG_WARN_ENUM_CONVERSION = YES;
				CLANG_WARN_INFINITE_RECURSION = YES;
				CLANG_WARN_INT_CONVERSION = YES;
				CLANG_WARN_OBJC_ROOT_CLASS = YES_ERROR;
				CLANG_WARN_SUSPICIOUS_MOVE = YES;
				CLANG_WARN_UNREACHABLE_CODE = YES;
				CLANG_WARN__DUPLICATE_METHOD_MATCH = YES;
				"CODE_SIGN_IDENTITY[sdk=iphoneos*]" = "iPhone Developer";
				COPY_PHASE_STRIP = NO;
				DEBUG_INFORMATION_FORMAT = dwarf;
				ENABLE_STRICT_OBJC_MSGSEND = YES;
				ENABLE_TESTABILITY = YES;
				GCC_C_LANGUAGE_STANDARD = gnu99;
				GCC_DYNAMIC_NO_PIC = NO;
				GCC_NO_COMMON_BLOCKS = YES;
				GCC_OPTIMIZATION_LEVEL = 0;
				GCC_PREPROCESSOR_DEFINITIONS = (
					"DEBUG=1",
					"$(inherited)",
				);
				GCC_WARN_64_TO_32_BIT_CONVERSION = YES;
				GCC_WARN_ABOUT_RETURN_TYPE = YES_ERROR;
				GCC_WARN_UNDECLARED_SELECTOR = YES;
				GCC_WARN_UNINITIALIZED_AUTOS = YES_AGGRESSIVE;
				GCC_WARN_UNUSED_FUNCTION = YES;
				GCC_WARN_UNUSED_VARIABLE = YES;
				IPHONEOS_DEPLOYMENT_TARGET = 10.3;
				MTL_ENABLE_DEBUG_INFO = YES;
				ONLY_ACTIVE_ARCH = YES;
				SDKROOT = iphoneos;
				SWIFT_ACTIVE_COMPILATION_CONDITIONS = DEBUG;
				SWIFT_OPTIMIZATION_LEVEL = "-Onone";
			};
			name = Debug;
		};
		3872E2A31E8FA9E4000D44AF /* Release */ = {
			isa = XCBuildConfiguration;
			buildSettings = {
				ALWAYS_SEARCH_USER_PATHS = NO;
				CLANG_ANALYZER_NONNULL = YES;
				CLANG_ANALYZER_NUMBER_OBJECT_CONVERSION = YES_AGGRESSIVE;
				CLANG_CXX_LANGUAGE_STANDARD = "gnu++0x";
				CLANG_CXX_LIBRARY = "libc++";
				CLANG_ENABLE_MODULES = YES;
				CLANG_ENABLE_OBJC_ARC = YES;
				CLANG_WARN_BOOL_CONVERSION = YES;
				CLANG_WARN_CONSTANT_CONVERSION = YES;
				CLANG_WARN_DIRECT_OBJC_ISA_USAGE = YES_ERROR;
				CLANG_WARN_DOCUMENTATION_COMMENTS = YES;
				CLANG_WARN_EMPTY_BODY = YES;
				CLANG_WARN_ENUM_CONVERSION = YES;
				CLANG_WARN_INFINITE_RECURSION = YES;
				CLANG_WARN_INT_CONVERSION = YES;
				CLANG_WARN_OBJC_ROOT_CLASS = YES_ERROR;
				CLANG_WARN_SUSPICIOUS_MOVE = YES;
				CLANG_WARN_UNREACHABLE_CODE = YES;
				CLANG_WARN__DUPLICATE_METHOD_MATCH = YES;
				"CODE_SIGN_IDENTITY[sdk=iphoneos*]" = "iPhone Developer";
				COPY_PHASE_STRIP = NO;
				DEBUG_INFORMATION_FORMAT = "dwarf-with-dsym";
				ENABLE_NS_ASSERTIONS = NO;
				ENABLE_STRICT_OBJC_MSGSEND = YES;
				GCC_C_LANGUAGE_STANDARD = gnu99;
				GCC_NO_COMMON_BLOCKS = YES;
				GCC_WARN_64_TO_32_BIT_CONVERSION = YES;
				GCC_WARN_ABOUT_RETURN_TYPE = YES_ERROR;
				GCC_WARN_UNDECLARED_SELECTOR = YES;
				GCC_WARN_UNINITIALIZED_AUTOS = YES_AGGRESSIVE;
				GCC_WARN_UNUSED_FUNCTION = YES;
				GCC_WARN_UNUSED_VARIABLE = YES;
				IPHONEOS_DEPLOYMENT_TARGET = 10.3;
				MTL_ENABLE_DEBUG_INFO = NO;
				SDKROOT = iphoneos;
				SWIFT_OPTIMIZATION_LEVEL = "-Owholemodule";
				VALIDATE_PRODUCT = YES;
			};
			name = Release;
		};
		3872E2A51E8FA9E4000D44AF /* Debug */ = {
			isa = XCBuildConfiguration;
			buildSettings = {
				ASSETCATALOG_COMPILER_APPICON_NAME = AppIcon;
				INFOPLIST_FILE = TVM/Info.plist;
				LD_RUNPATH_SEARCH_PATHS = "$(inherited) @executable_path/Frameworks";
				PRODUCT_BUNDLE_IDENTIFIER = com.nunev.TVM;
				PRODUCT_NAME = "$(TARGET_NAME)";
				SWIFT_VERSION = 3.0;
			};
			name = Debug;
		};
		3872E2A61E8FA9E4000D44AF /* Release */ = {
			isa = XCBuildConfiguration;
			buildSettings = {
				ASSETCATALOG_COMPILER_APPICON_NAME = AppIcon;
				INFOPLIST_FILE = TVM/Info.plist;
				LD_RUNPATH_SEARCH_PATHS = "$(inherited) @executable_path/Frameworks";
				PRODUCT_BUNDLE_IDENTIFIER = com.nunev.TVM;
				PRODUCT_NAME = "$(TARGET_NAME)";
				SWIFT_VERSION = 3.0;
			};
			name = Release;
		};
/* End XCBuildConfiguration section */

/* Begin XCConfigurationList section */
		3872E28D1E8FA9E4000D44AF /* Build configuration list for PBXProject "TVM" */ = {
			isa = XCConfigurationList;
			buildConfigurations = (
				3872E2A21E8FA9E4000D44AF /* Debug */,
				3872E2A31E8FA9E4000D44AF /* Release */,
			);
			defaultConfigurationIsVisible = 0;
			defaultConfigurationName = Release;
		};
		3872E2A41E8FA9E4000D44AF /* Build configuration list for PBXNativeTarget "TVM" */ = {
			isa = XCConfigurationList;
			buildConfigurations = (
				3872E2A51E8FA9E4000D44AF /* Debug */,
				3872E2A61E8FA9E4000D44AF /* Release */,
			);
			defaultConfigurationIsVisible = 0;
		};
/* End XCConfigurationList section */
	};
	rootObject = 3872E28A1E8FA9E4000D44AF /* Project object */;
}
