// !$*UTF8*$!
{
	archiveVersion = 1;
	classes = {
	};
	objectVersion = 46;
	objects = {

/* Begin PBXBuildFile section */
		381B1AE91E8FB4C700397B3C /* ShowCell.swift in Sources */ = {isa = PBXBuildFile; fileRef = 381B1AE81E8FB4C700397B3C /* ShowCell.swift */; };
		381B1AEC1E8FB5C000397B3C /* MainTabViewController.swift in Sources */ = {isa = PBXBuildFile; fileRef = 381B1AEB1E8FB5C000397B3C /* MainTabViewController.swift */; };
		381B1AEF1E8FB78900397B3C /* Show.swift in Sources */ = {isa = PBXBuildFile; fileRef = 381B1AEE1E8FB78900397B3C /* Show.swift */; };
		381B1AF31E8FC79D00397B3C /* ImageViewExtension.swift in Sources */ = {isa = PBXBuildFile; fileRef = 381B1AF21E8FC79D00397B3C /* ImageViewExtension.swift */; };
		3872E2961E8FA9E4000D44AF /* AppDelegate.swift in Sources */ = {isa = PBXBuildFile; fileRef = 3872E2951E8FA9E4000D44AF /* AppDelegate.swift */; };
		3872E29B1E8FA9E4000D44AF /* Main.storyboard in Resources */ = {isa = PBXBuildFile; fileRef = 3872E2991E8FA9E4000D44AF /* Main.storyboard */; };
		3872E29D1E8FA9E4000D44AF /* Assets.xcassets in Resources */ = {isa = PBXBuildFile; fileRef = 3872E29C1E8FA9E4000D44AF /* Assets.xcassets */; };
		3872E2A01E8FA9E4000D44AF /* LaunchScreen.storyboard in Resources */ = {isa = PBXBuildFile; fileRef = 3872E29E1E8FA9E4000D44AF /* LaunchScreen.storyboard */; };
		38A416551E8FF9C100F795A4 /* ShowDetailsViewController.swift in Sources */ = {isa = PBXBuildFile; fileRef = 38A416541E8FF9C100F795A4 /* ShowDetailsViewController.swift */; };
		38A416731E90DACB00F795A4 /* AsyncButton.swift in Sources */ = {isa = PBXBuildFile; fileRef = 38A416571E90DACB00F795A4 /* AsyncButton.swift */; };
		38A416741E90DACB00F795A4 /* AsyncImageView.swift in Sources */ = {isa = PBXBuildFile; fileRef = 38A416581E90DACB00F795A4 /* AsyncImageView.swift */; };
		38A416751E90DACB00F795A4 /* AutoTextView.swift in Sources */ = {isa = PBXBuildFile; fileRef = 38A416591E90DACB00F795A4 /* AutoTextView.swift */; };
		38A416761E90DACB00F795A4 /* BlurView.swift in Sources */ = {isa = PBXBuildFile; fileRef = 38A4165A1E90DACB00F795A4 /* BlurView.swift */; };
		38A416771E90DACB00F795A4 /* DesignableButton.swift in Sources */ = {isa = PBXBuildFile; fileRef = 38A4165B1E90DACB00F795A4 /* DesignableButton.swift */; };
		38A416781E90DACB00F795A4 /* DesignableImageView.swift in Sources */ = {isa = PBXBuildFile; fileRef = 38A4165C1E90DACB00F795A4 /* DesignableImageView.swift */; };
		38A416791E90DACB00F795A4 /* DesignableLabel.swift in Sources */ = {isa = PBXBuildFile; fileRef = 38A4165D1E90DACB00F795A4 /* DesignableLabel.swift */; };
		38A4167A1E90DACB00F795A4 /* DesignableTabBarController.swift in Sources */ = {isa = PBXBuildFile; fileRef = 38A4165E1E90DACB00F795A4 /* DesignableTabBarController.swift */; };
		38A4167B1E90DACB00F795A4 /* DesignableTextField.swift in Sources */ = {isa = PBXBuildFile; fileRef = 38A4165F1E90DACB00F795A4 /* DesignableTextField.swift */; };
		38A4167C1E90DACB00F795A4 /* DesignableTextView.swift in Sources */ = {isa = PBXBuildFile; fileRef = 38A416601E90DACB00F795A4 /* DesignableTextView.swift */; };
		38A4167D1E90DACB00F795A4 /* DesignableView.swift in Sources */ = {isa = PBXBuildFile; fileRef = 38A416611E90DACB00F795A4 /* DesignableView.swift */; };
		38A4167E1E90DACB00F795A4 /* ImageLoader.swift in Sources */ = {isa = PBXBuildFile; fileRef = 38A416621E90DACB00F795A4 /* ImageLoader.swift */; };
		38A4167F1E90DACB00F795A4 /* KeyboardLayoutConstraint.swift in Sources */ = {isa = PBXBuildFile; fileRef = 38A416631E90DACB00F795A4 /* KeyboardLayoutConstraint.swift */; };
		38A416801E90DACB00F795A4 /* LoadingView.swift in Sources */ = {isa = PBXBuildFile; fileRef = 38A416641E90DACB00F795A4 /* LoadingView.swift */; };
		38A416811E90DACB00F795A4 /* LoadingView.xib in Resources */ = {isa = PBXBuildFile; fileRef = 38A416651E90DACB00F795A4 /* LoadingView.xib */; };
		38A416821E90DACB00F795A4 /* Misc.swift in Sources */ = {isa = PBXBuildFile; fileRef = 38A416661E90DACB00F795A4 /* Misc.swift */; };
		38A416831E90DACB00F795A4 /* SoundPlayer.swift in Sources */ = {isa = PBXBuildFile; fileRef = 38A416671E90DACB00F795A4 /* SoundPlayer.swift */; };
		38A416841E90DACB00F795A4 /* Spring.swift in Sources */ = {isa = PBXBuildFile; fileRef = 38A416681E90DACB00F795A4 /* Spring.swift */; };
		38A416851E90DACB00F795A4 /* SpringAnimation.swift in Sources */ = {isa = PBXBuildFile; fileRef = 38A416691E90DACB00F795A4 /* SpringAnimation.swift */; };
		38A416861E90DACB00F795A4 /* SpringButton.swift in Sources */ = {isa = PBXBuildFile; fileRef = 38A4166A1E90DACB00F795A4 /* SpringButton.swift */; };
		38A416871E90DACB00F795A4 /* SpringImageView.swift in Sources */ = {isa = PBXBuildFile; fileRef = 38A4166B1E90DACB00F795A4 /* SpringImageView.swift */; };
		38A416881E90DACB00F795A4 /* SpringLabel.swift in Sources */ = {isa = PBXBuildFile; fileRef = 38A4166C1E90DACB00F795A4 /* SpringLabel.swift */; };
		38A416891E90DACB00F795A4 /* SpringTextField.swift in Sources */ = {isa = PBXBuildFile; fileRef = 38A4166D1E90DACB00F795A4 /* SpringTextField.swift */; };
		38A4168A1E90DACB00F795A4 /* SpringTextView.swift in Sources */ = {isa = PBXBuildFile; fileRef = 38A4166E1E90DACB00F795A4 /* SpringTextView.swift */; };
		38A4168B1E90DACB00F795A4 /* SpringView.swift in Sources */ = {isa = PBXBuildFile; fileRef = 38A4166F1E90DACB00F795A4 /* SpringView.swift */; };
		38A4168C1E90DACB00F795A4 /* TransitionManager.swift in Sources */ = {isa = PBXBuildFile; fileRef = 38A416701E90DACB00F795A4 /* TransitionManager.swift */; };
		38A4168D1E90DACB00F795A4 /* TransitionZoom.swift in Sources */ = {isa = PBXBuildFile; fileRef = 38A416711E90DACB00F795A4 /* TransitionZoom.swift */; };
		38A4168E1E90DACB00F795A4 /* UnwindSegue.swift in Sources */ = {isa = PBXBuildFile; fileRef = 38A416721E90DACB00F795A4 /* UnwindSegue.swift */; };
		38A416901E91642700F795A4 /* FavouritesViewController.swift in Sources */ = {isa = PBXBuildFile; fileRef = 38A4168F1E91642700F795A4 /* FavouritesViewController.swift */; };
		8373C5D210AB03002F8374FE /* Pods_TVM.framework in Frameworks */ = {isa = PBXBuildFile; fileRef = E7FAD8F780A4AF32BA25204A /* Pods_TVM.framework */; };
/* End PBXBuildFile section */

/* Begin PBXFileReference section */
		381B1AE81E8FB4C700397B3C /* ShowCell.swift */ = {isa = PBXFileReference; fileEncoding = 4; lastKnownFileType = sourcecode.swift; path = ShowCell.swift; sourceTree = "<group>"; };
		381B1AEB1E8FB5C000397B3C /* MainTabViewController.swift */ = {isa = PBXFileReference; fileEncoding = 4; lastKnownFileType = sourcecode.swift; path = MainTabViewController.swift; sourceTree = "<group>"; };
		381B1AEE1E8FB78900397B3C /* Show.swift */ = {isa = PBXFileReference; fileEncoding = 4; lastKnownFileType = sourcecode.swift; path = Show.swift; sourceTree = "<group>"; };
		381B1AF21E8FC79D00397B3C /* ImageViewExtension.swift */ = {isa = PBXFileReference; fileEncoding = 4; lastKnownFileType = sourcecode.swift; path = ImageViewExtension.swift; sourceTree = "<group>"; };
		3872E2921E8FA9E4000D44AF /* TVM.app */ = {isa = PBXFileReference; explicitFileType = wrapper.application; includeInIndex = 0; path = TVM.app; sourceTree = BUILT_PRODUCTS_DIR; };
		3872E2951E8FA9E4000D44AF /* AppDelegate.swift */ = {isa = PBXFileReference; lastKnownFileType = sourcecode.swift; path = AppDelegate.swift; sourceTree = "<group>"; };
		3872E29A1E8FA9E4000D44AF /* Base */ = {isa = PBXFileReference; lastKnownFileType = file.storyboard; name = Base; path = Base.lproj/Main.storyboard; sourceTree = "<group>"; };
		3872E29C1E8FA9E4000D44AF /* Assets.xcassets */ = {isa = PBXFileReference; lastKnownFileType = folder.assetcatalog; path = Assets.xcassets; sourceTree = "<group>"; };
		3872E29F1E8FA9E4000D44AF /* Base */ = {isa = PBXFileReference; lastKnownFileType = file.storyboard; name = Base; path = Base.lproj/LaunchScreen.storyboard; sourceTree = "<group>"; };
		3872E2A11E8FA9E4000D44AF /* Info.plist */ = {isa = PBXFileReference; lastKnownFileType = text.plist.xml; path = Info.plist; sourceTree = "<group>"; };
		38A416541E8FF9C100F795A4 /* ShowDetailsViewController.swift */ = {isa = PBXFileReference; fileEncoding = 4; lastKnownFileType = sourcecode.swift; path = ShowDetailsViewController.swift; sourceTree = "<group>"; };
		38A416571E90DACB00F795A4 /* AsyncButton.swift */ = {isa = PBXFileReference; fileEncoding = 4; lastKnownFileType = sourcecode.swift; path = AsyncButton.swift; sourceTree = "<group>"; };
		38A416581E90DACB00F795A4 /* AsyncImageView.swift */ = {isa = PBXFileReference; fileEncoding = 4; lastKnownFileType = sourcecode.swift; path = AsyncImageView.swift; sourceTree = "<group>"; };
		38A416591E90DACB00F795A4 /* AutoTextView.swift */ = {isa = PBXFileReference; fileEncoding = 4; lastKnownFileType = sourcecode.swift; path = AutoTextView.swift; sourceTree = "<group>"; };
		38A4165A1E90DACB00F795A4 /* BlurView.swift */ = {isa = PBXFileReference; fileEncoding = 4; lastKnownFileType = sourcecode.swift; path = BlurView.swift; sourceTree = "<group>"; };
		38A4165B1E90DACB00F795A4 /* DesignableButton.swift */ = {isa = PBXFileReference; fileEncoding = 4; lastKnownFileType = sourcecode.swift; path = DesignableButton.swift; sourceTree = "<group>"; };
		38A4165C1E90DACB00F795A4 /* DesignableImageView.swift */ = {isa = PBXFileReference; fileEncoding = 4; lastKnownFileType = sourcecode.swift; path = DesignableImageView.swift; sourceTree = "<group>"; };
		38A4165D1E90DACB00F795A4 /* DesignableLabel.swift */ = {isa = PBXFileReference; fileEncoding = 4; lastKnownFileType = sourcecode.swift; path = DesignableLabel.swift; sourceTree = "<group>"; };
		38A4165E1E90DACB00F795A4 /* DesignableTabBarController.swift */ = {isa = PBXFileReference; fileEncoding = 4; lastKnownFileType = sourcecode.swift; path = DesignableTabBarController.swift; sourceTree = "<group>"; };
		38A4165F1E90DACB00F795A4 /* DesignableTextField.swift */ = {isa = PBXFileReference; fileEncoding = 4; lastKnownFileType = sourcecode.swift; path = DesignableTextField.swift; sourceTree = "<group>"; };
		38A416601E90DACB00F795A4 /* DesignableTextView.swift */ = {isa = PBXFileReference; fileEncoding = 4; lastKnownFileType = sourcecode.swift; path = DesignableTextView.swift; sourceTree = "<group>"; };
		38A416611E90DACB00F795A4 /* DesignableView.swift */ = {isa = PBXFileReference; fileEncoding = 4; lastKnownFileType = sourcecode.swift; path = DesignableView.swift; sourceTree = "<group>"; };
		38A416621E90DACB00F795A4 /* ImageLoader.swift */ = {isa = PBXFileReference; fileEncoding = 4; lastKnownFileType = sourcecode.swift; path = ImageLoader.swift; sourceTree = "<group>"; };
		38A416631E90DACB00F795A4 /* KeyboardLayoutConstraint.swift */ = {isa = PBXFileReference; fileEncoding = 4; lastKnownFileType = sourcecode.swift; path = KeyboardLayoutConstraint.swift; sourceTree = "<group>"; };
		38A416641E90DACB00F795A4 /* LoadingView.swift */ = {isa = PBXFileReference; fileEncoding = 4; lastKnownFileType = sourcecode.swift; path = LoadingView.swift; sourceTree = "<group>"; };
		38A416651E90DACB00F795A4 /* LoadingView.xib */ = {isa = PBXFileReference; fileEncoding = 4; lastKnownFileType = file.xib; path = LoadingView.xib; sourceTree = "<group>"; };
		38A416661E90DACB00F795A4 /* Misc.swift */ = {isa = PBXFileReference; fileEncoding = 4; lastKnownFileType = sourcecode.swift; path = Misc.swift; sourceTree = "<group>"; };
		38A416671E90DACB00F795A4 /* SoundPlayer.swift */ = {isa = PBXFileReference; fileEncoding = 4; lastKnownFileType = sourcecode.swift; path = SoundPlayer.swift; sourceTree = "<group>"; };
		38A416681E90DACB00F795A4 /* Spring.swift */ = {isa = PBXFileReference; fileEncoding = 4; lastKnownFileType = sourcecode.swift; path = Spring.swift; sourceTree = "<group>"; };
		38A416691E90DACB00F795A4 /* SpringAnimation.swift */ = {isa = PBXFileReference; fileEncoding = 4; lastKnownFileType = sourcecode.swift; path = SpringAnimation.swift; sourceTree = "<group>"; };
		38A4166A1E90DACB00F795A4 /* SpringButton.swift */ = {isa = PBXFileReference; fileEncoding = 4; lastKnownFileType = sourcecode.swift; path = SpringButton.swift; sourceTree = "<group>"; };
		38A4166B1E90DACB00F795A4 /* SpringImageView.swift */ = {isa = PBXFileReference; fileEncoding = 4; lastKnownFileType = sourcecode.swift; path = SpringImageView.swift; sourceTree = "<group>"; };
		38A4166C1E90DACB00F795A4 /* SpringLabel.swift */ = {isa = PBXFileReference; fileEncoding = 4; lastKnownFileType = sourcecode.swift; path = SpringLabel.swift; sourceTree = "<group>"; };
		38A4166D1E90DACB00F795A4 /* SpringTextField.swift */ = {isa = PBXFileReference; fileEncoding = 4; lastKnownFileType = sourcecode.swift; path = SpringTextField.swift; sourceTree = "<group>"; };
		38A4166E1E90DACB00F795A4 /* SpringTextView.swift */ = {isa = PBXFileReference; fileEncoding = 4; lastKnownFileType = sourcecode.swift; path = SpringTextView.swift; sourceTree = "<group>"; };
		38A4166F1E90DACB00F795A4 /* SpringView.swift */ = {isa = PBXFileReference; fileEncoding = 4; lastKnownFileType = sourcecode.swift; path = SpringView.swift; sourceTree = "<group>"; };
		38A416701E90DACB00F795A4 /* TransitionManager.swift */ = {isa = PBXFileReference; fileEncoding = 4; lastKnownFileType = sourcecode.swift; path = TransitionManager.swift; sourceTree = "<group>"; };
		38A416711E90DACB00F795A4 /* TransitionZoom.swift */ = {isa = PBXFileReference; fileEncoding = 4; lastKnownFileType = sourcecode.swift; path = TransitionZoom.swift; sourceTree = "<group>"; };
		38A416721E90DACB00F795A4 /* UnwindSegue.swift */ = {isa = PBXFileReference; fileEncoding = 4; lastKnownFileType = sourcecode.swift; path = UnwindSegue.swift; sourceTree = "<group>"; };
		38A4168F1E91642700F795A4 /* FavouritesViewController.swift */ = {isa = PBXFileReference; fileEncoding = 4; lastKnownFileType = sourcecode.swift; path = FavouritesViewController.swift; sourceTree = "<group>"; };
		505B7F3F94D9F4D146E1263D /* Pods-TVM.release.xcconfig */ = {isa = PBXFileReference; includeInIndex = 1; lastKnownFileType = text.xcconfig; name = "Pods-TVM.release.xcconfig"; path = "Pods/Target Support Files/Pods-TVM/Pods-TVM.release.xcconfig"; sourceTree = "<group>"; };
		ACD4DAED4FD9F336C2A45B7B /* Pods-TVM.debug.xcconfig */ = {isa = PBXFileReference; includeInIndex = 1; lastKnownFileType = text.xcconfig; name = "Pods-TVM.debug.xcconfig"; path = "Pods/Target Support Files/Pods-TVM/Pods-TVM.debug.xcconfig"; sourceTree = "<group>"; };
		E7FAD8F780A4AF32BA25204A /* Pods_TVM.framework */ = {isa = PBXFileReference; explicitFileType = wrapper.framework; includeInIndex = 0; path = Pods_TVM.framework; sourceTree = BUILT_PRODUCTS_DIR; };
/* End PBXFileReference section */

/* Begin PBXFrameworksBuildPhase section */
		3872E28F1E8FA9E4000D44AF /* Frameworks */ = {
			isa = PBXFrameworksBuildPhase;
			buildActionMask = 2147483647;
			files = (
				8373C5D210AB03002F8374FE /* Pods_TVM.framework in Frameworks */,
			);
			runOnlyForDeploymentPostprocessing = 0;
		};
/* End PBXFrameworksBuildPhase section */

/* Begin PBXGroup section */
		381B1AE71E8FB4A500397B3C /* Custom Cells */ = {
			isa = PBXGroup;
			children = (
				381B1AE81E8FB4C700397B3C /* ShowCell.swift */,
			);
			name = "Custom Cells";
			sourceTree = "<group>";
		};
		381B1AEA1E8FB5A500397B3C /* Controllers */ = {
			isa = PBXGroup;
			children = (
				381B1AEB1E8FB5C000397B3C /* MainTabViewController.swift */,
				38A416541E8FF9C100F795A4 /* ShowDetailsViewController.swift */,
				38A4168F1E91642700F795A4 /* FavouritesViewController.swift */,
			);
			name = Controllers;
			sourceTree = "<group>";
		};
		381B1AED1E8FB77900397B3C /* Model */ = {
			isa = PBXGroup;
			children = (
				381B1AEE1E8FB78900397B3C /* Show.swift */,
			);
			name = Model;
			sourceTree = "<group>";
		};
		381B1AF01E8FC78700397B3C /* Extensions */ = {
			isa = PBXGroup;
			children = (
				381B1AF21E8FC79D00397B3C /* ImageViewExtension.swift */,
			);
			name = Extensions;
			sourceTree = "<group>";
		};
		3872E2891E8FA9E4000D44AF = {
			isa = PBXGroup;
			children = (
				3872E2941E8FA9E4000D44AF /* TVM */,
				3872E2931E8FA9E4000D44AF /* Products */,
				E08096F2067B727E5A747140 /* Pods */,
				B4F4AE878C2FC610F86792FE /* Frameworks */,
			);
			sourceTree = "<group>";
		};
		3872E2931E8FA9E4000D44AF /* Products */ = {
			isa = PBXGroup;
			children = (
				3872E2921E8FA9E4000D44AF /* TVM.app */,
			);
			name = Products;
			sourceTree = "<group>";
		};
		3872E2941E8FA9E4000D44AF /* TVM */ = {
			isa = PBXGroup;
			children = (
				38A416561E90DABA00F795A4 /* Spring */,
				381B1AF01E8FC78700397B3C /* Extensions */,
				381B1AED1E8FB77900397B3C /* Model */,
				381B1AEA1E8FB5A500397B3C /* Controllers */,
				381B1AE71E8FB4A500397B3C /* Custom Cells */,
				3872E2951E8FA9E4000D44AF /* AppDelegate.swift */,
				3872E2991E8FA9E4000D44AF /* Main.storyboard */,
				3872E29C1E8FA9E4000D44AF /* Assets.xcassets */,
				3872E29E1E8FA9E4000D44AF /* LaunchScreen.storyboard */,
				3872E2A11E8FA9E4000D44AF /* Info.plist */,
			);
			path = TVM;
			sourceTree = "<group>";
		};
		38A416561E90DABA00F795A4 /* Spring */ = {
			isa = PBXGroup;
			children = (
				38A416571E90DACB00F795A4 /* AsyncButton.swift */,
				38A416581E90DACB00F795A4 /* AsyncImageView.swift */,
				38A416591E90DACB00F795A4 /* AutoTextView.swift */,
				38A4165A1E90DACB00F795A4 /* BlurView.swift */,
				38A4165B1E90DACB00F795A4 /* DesignableButton.swift */,
				38A4165C1E90DACB00F795A4 /* DesignableImageView.swift */,
				38A4165D1E90DACB00F795A4 /* DesignableLabel.swift */,
				38A4165E1E90DACB00F795A4 /* DesignableTabBarController.swift */,
				38A4165F1E90DACB00F795A4 /* DesignableTextField.swift */,
				38A416601E90DACB00F795A4 /* DesignableTextView.swift */,
				38A416611E90DACB00F795A4 /* DesignableView.swift */,
				38A416621E90DACB00F795A4 /* ImageLoader.swift */,
				38A416631E90DACB00F795A4 /* KeyboardLayoutConstraint.swift */,
				38A416641E90DACB00F795A4 /* LoadingView.swift */,
				38A416651E90DACB00F795A4 /* LoadingView.xib */,
				38A416661E90DACB00F795A4 /* Misc.swift */,
				38A416671E90DACB00F795A4 /* SoundPlayer.swift */,
				38A416681E90DACB00F795A4 /* Spring.swift */,
				38A416691E90DACB00F795A4 /* SpringAnimation.swift */,
				38A4166A1E90DACB00F795A4 /* SpringButton.swift */,
				38A4166B1E90DACB00F795A4 /* SpringImageView.swift */,
				38A4166C1E90DACB00F795A4 /* SpringLabel.swift */,
				38A4166D1E90DACB00F795A4 /* SpringTextField.swift */,
				38A4166E1E90DACB00F795A4 /* SpringTextView.swift */,
				38A4166F1E90DACB00F795A4 /* SpringView.swift */,
				38A416701E90DACB00F795A4 /* TransitionManager.swift */,
				38A416711E90DACB00F795A4 /* TransitionZoom.swift */,
				38A416721E90DACB00F795A4 /* UnwindSegue.swift */,
			);
			name = Spring;
			sourceTree = "<group>";
		};
		B4F4AE878C2FC610F86792FE /* Frameworks */ = {
			isa = PBXGroup;
			children = (
				E7FAD8F780A4AF32BA25204A /* Pods_TVM.framework */,
			);
			name = Frameworks;
			sourceTree = "<group>";
		};
		E08096F2067B727E5A747140 /* Pods */ = {
			isa = PBXGroup;
			children = (
				ACD4DAED4FD9F336C2A45B7B /* Pods-TVM.debug.xcconfig */,
				505B7F3F94D9F4D146E1263D /* Pods-TVM.release.xcconfig */,
			);
			name = Pods;
			sourceTree = "<group>";
		};
/* End PBXGroup section */

/* Begin PBXNativeTarget section */
		3872E2911E8FA9E4000D44AF /* TVM */ = {
			isa = PBXNativeTarget;
			buildConfigurationList = 3872E2A41E8FA9E4000D44AF /* Build configuration list for PBXNativeTarget "TVM" */;
			buildPhases = (
				CB92FC26606EF7D27B33721F /* [CP] Check Pods Manifest.lock */,
				3872E28E1E8FA9E4000D44AF /* Sources */,
				3872E28F1E8FA9E4000D44AF /* Frameworks */,
				3872E2901E8FA9E4000D44AF /* Resources */,
				0168F95579D4C10435DE8281 /* [CP] Embed Pods Frameworks */,
				3B584D3D32FD47DD36F113F6 /* [CP] Copy Pods Resources */,
			);
			buildRules = (
			);
			dependencies = (
			);
			name = TVM;
			productName = TVM;
			productReference = 3872E2921E8FA9E4000D44AF /* TVM.app */;
			productType = "com.apple.product-type.application";
		};
/* End PBXNativeTarget section */

/* Begin PBXProject section */
		3872E28A1E8FA9E4000D44AF /* Project object */ = {
			isa = PBXProject;
			attributes = {
				LastSwiftUpdateCheck = 0830;
				LastUpgradeCheck = 0830;
				ORGANIZATIONNAME = nunev;
				TargetAttributes = {
					3872E2911E8FA9E4000D44AF = {
						CreatedOnToolsVersion = 8.3;
						DevelopmentTeam = TPWG8G6ELX;
						ProvisioningStyle = Automatic;
					};
				};
			};
			buildConfigurationList = 3872E28D1E8FA9E4000D44AF /* Build configuration list for PBXProject "TVM" */;
			compatibilityVersion = "Xcode 3.2";
			developmentRegion = English;
			hasScannedForEncodings = 0;
			knownRegions = (
				en,
				Base,
			);
			mainGroup = 3872E2891E8FA9E4000D44AF;
			productRefGroup = 3872E2931E8FA9E4000D44AF /* Products */;
			projectDirPath = "";
			projectRoot = "";
			targets = (
				3872E2911E8FA9E4000D44AF /* TVM */,
			);
		};
/* End PBXProject section */

/* Begin PBXResourcesBuildPhase section */
		3872E2901E8FA9E4000D44AF /* Resources */ = {
			isa = PBXResourcesBuildPhase;
			buildActionMask = 2147483647;
			files = (
				3872E2A01E8FA9E4000D44AF /* LaunchScreen.storyboard in Resources */,
				38A416811E90DACB00F795A4 /* LoadingView.xib in Resources */,
				3872E29D1E8FA9E4000D44AF /* Assets.xcassets in Resources */,
				3872E29B1E8FA9E4000D44AF /* Main.storyboard in Resources */,
			);
			runOnlyForDeploymentPostprocessing = 0;
		};
/* End PBXResourcesBuildPhase section */

/* Begin PBXShellScriptBuildPhase section */
		0168F95579D4C10435DE8281 /* [CP] Embed Pods Frameworks */ = {
			isa = PBXShellScriptBuildPhase;
			buildActionMask = 2147483647;
			files = (
			);
			inputPaths = (
			);
			name = "[CP] Embed Pods Frameworks";
			outputPaths = (
			);
			runOnlyForDeploymentPostprocessing = 0;
			shellPath = /bin/sh;
			shellScript = "\"${SRCROOT}/Pods/Target Support Files/Pods-TVM/Pods-TVM-frameworks.sh\"\n";
			showEnvVarsInLog = 0;
		};
		3B584D3D32FD47DD36F113F6 /* [CP] Copy Pods Resources */ = {
			isa = PBXShellScriptBuildPhase;
			buildActionMask = 2147483647;
			files = (
			);
			inputPaths = (
			);
			name = "[CP] Copy Pods Resources";
			outputPaths = (
			);
			runOnlyForDeploymentPostprocessing = 0;
			shellPath = /bin/sh;
			shellScript = "\"${SRCROOT}/Pods/Target Support Files/Pods-TVM/Pods-TVM-resources.sh\"\n";
			showEnvVarsInLog = 0;
		};
		CB92FC26606EF7D27B33721F /* [CP] Check Pods Manifest.lock */ = {
			isa = PBXShellScriptBuildPhase;
			buildActionMask = 2147483647;
			files = (
			);
			inputPaths = (
			);
			name = "[CP] Check Pods Manifest.lock";
			outputPaths = (
			);
			runOnlyForDeploymentPostprocessing = 0;
			shellPath = /bin/sh;
			shellScript = "diff \"${PODS_PODFILE_DIR_PATH}/Podfile.lock\" \"${PODS_ROOT}/Manifest.lock\" > /dev/null\nif [ $? != 0 ] ; then\n    # print error to STDERR\n    echo \"error: The sandbox is not in sync with the Podfile.lock. Run 'pod install' or update your CocoaPods installation.\" >&2\n    exit 1\nfi\n";
			showEnvVarsInLog = 0;
		};
/* End PBXShellScriptBuildPhase section */

/* Begin PBXSourcesBuildPhase section */
		3872E28E1E8FA9E4000D44AF /* Sources */ = {
			isa = PBXSourcesBuildPhase;
			buildActionMask = 2147483647;
			files = (
				38A416901E91642700F795A4 /* FavouritesViewController.swift in Sources */,
				381B1AE91E8FB4C700397B3C /* ShowCell.swift in Sources */,
				38A4167C1E90DACB00F795A4 /* DesignableTextView.swift in Sources */,
				38A416831E90DACB00F795A4 /* SoundPlayer.swift in Sources */,
				38A416851E90DACB00F795A4 /* SpringAnimation.swift in Sources */,
				38A416731E90DACB00F795A4 /* AsyncButton.swift in Sources */,
				38A4168B1E90DACB00F795A4 /* SpringView.swift in Sources */,
				38A4167F1E90DACB00F795A4 /* KeyboardLayoutConstraint.swift in Sources */,
				38A4168C1E90DACB00F795A4 /* TransitionManager.swift in Sources */,
				3872E2961E8FA9E4000D44AF /* AppDelegate.swift in Sources */,
				38A416751E90DACB00F795A4 /* AutoTextView.swift in Sources */,
				38A416791E90DACB00F795A4 /* DesignableLabel.swift in Sources */,
				38A416871E90DACB00F795A4 /* SpringImageView.swift in Sources */,
				38A416781E90DACB00F795A4 /* DesignableImageView.swift in Sources */,
				38A4167A1E90DACB00F795A4 /* DesignableTabBarController.swift in Sources */,
				38A4167B1E90DACB00F795A4 /* DesignableTextField.swift in Sources */,
				38A416771E90DACB00F795A4 /* DesignableButton.swift in Sources */,
				38A416861E90DACB00F795A4 /* SpringButton.swift in Sources */,
				38A416881E90DACB00F795A4 /* SpringLabel.swift in Sources */,
				38A4168E1E90DACB00F795A4 /* UnwindSegue.swift in Sources */,
				38A416741E90DACB00F795A4 /* AsyncImageView.swift in Sources */,
				381B1AF31E8FC79D00397B3C /* ImageViewExtension.swift in Sources */,
				38A416801E90DACB00F795A4 /* LoadingView.swift in Sources */,
				38A416841E90DACB00F795A4 /* Spring.swift in Sources */,
				38A416891E90DACB00F795A4 /* SpringTextField.swift in Sources */,
				381B1AEF1E8FB78900397B3C /* Show.swift in Sources */,
				38A416761E90DACB00F795A4 /* BlurView.swift in Sources */,
				38A4167E1E90DACB00F795A4 /* ImageLoader.swift in Sources */,
				38A4168A1E90DACB00F795A4 /* SpringTextView.swift in Sources */,
				38A416551E8FF9C100F795A4 /* ShowDetailsViewController.swift in Sources */,
				38A416821E90DACB00F795A4 /* Misc.swift in Sources */,
				381B1AEC1E8FB5C000397B3C /* MainTabViewController.swift in Sources */,
				38A4167D1E90DACB00F795A4 /* DesignableView.swift in Sources */,
				38A4168D1E90DACB00F795A4 /* TransitionZoom.swift in Sources */,
			);
			runOnlyForDeploymentPostprocessing = 0;
		};
/* End PBXSourcesBuildPhase section */

/* Begin PBXVariantGroup section */
		3872E2991E8FA9E4000D44AF /* Main.storyboard */ = {
			isa = PBXVariantGroup;
			children = (
				3872E29A1E8FA9E4000D44AF /* Base */,
			);
			name = Main.storyboard;
			sourceTree = "<group>";
		};
		3872E29E1E8FA9E4000D44AF /* LaunchScreen.storyboard */ = {
			isa = PBXVariantGroup;
			children = (
				3872E29F1E8FA9E4000D44AF /* Base */,
			);
			name = LaunchScreen.storyboard;
			sourceTree = "<group>";
		};
/* End PBXVariantGroup section */

/* Begin XCBuildConfiguration section */
		3872E2A21E8FA9E4000D44AF /* Debug */ = {
			isa = XCBuildConfiguration;
			buildSettings = {
				ALWAYS_SEARCH_USER_PATHS = NO;
				CLANG_ANALYZER_NONNULL = YES;
				CLANG_ANALYZER_NUMBER_OBJECT_CONVERSION = YES_AGGRESSIVE;
				CLANG_CXX_LANGUAGE_STANDARD = "gnu++0x";
				CLANG_CXX_LIBRARY = "libc++";
				CLANG_ENABLE_MODULES = YES;
				CLANG_ENABLE_OBJC_ARC = YES;
				CLANG_WARN_BOOL_CONVERSION = YES;
				CLANG_WARN_CONSTANT_CONVERSION = YES;
				CLANG_WARN_DIRECT_OBJC_ISA_USAGE = YES_ERROR;
				CLANG_WARN_DOCUMENTATION_COMMENTS = YES;
				CLANG_WARN_EMPTY_BODY = YES;
				CLANG_WARN_ENUM_CONVERSION = YES;
				CLANG_WARN_INFINITE_RECURSION = YES;
				CLANG_WARN_INT_CONVERSION = YES;
				CLANG_WARN_OBJC_ROOT_CLASS = YES_ERROR;
				CLANG_WARN_SUSPICIOUS_MOVE = YES;
				CLANG_WARN_UNREACHABLE_CODE = YES;
				CLANG_WARN__DUPLICATE_METHOD_MATCH = YES;
				"CODE_SIGN_IDENTITY[sdk=iphoneos*]" = "iPhone Developer";
				COPY_PHASE_STRIP = NO;
				DEBUG_INFORMATION_FORMAT = dwarf;
				ENABLE_STRICT_OBJC_MSGSEND = YES;
				ENABLE_TESTABILITY = YES;
				GCC_C_LANGUAGE_STANDARD = gnu99;
				GCC_DYNAMIC_NO_PIC = NO;
				GCC_NO_COMMON_BLOCKS = YES;
				GCC_OPTIMIZATION_LEVEL = 0;
				GCC_PREPROCESSOR_DEFINITIONS = (
					"DEBUG=1",
					"$(inherited)",
				);
				GCC_WARN_64_TO_32_BIT_CONVERSION = YES;
				GCC_WARN_ABOUT_RETURN_TYPE = YES_ERROR;
				GCC_WARN_UNDECLARED_SELECTOR = YES;
				GCC_WARN_UNINITIALIZED_AUTOS = YES_AGGRESSIVE;
				GCC_WARN_UNUSED_FUNCTION = YES;
				GCC_WARN_UNUSED_VARIABLE = YES;
				IPHONEOS_DEPLOYMENT_TARGET = 10.3;
				MTL_ENABLE_DEBUG_INFO = YES;
				ONLY_ACTIVE_ARCH = YES;
				SDKROOT = iphoneos;
				SWIFT_ACTIVE_COMPILATION_CONDITIONS = DEBUG;
				SWIFT_OPTIMIZATION_LEVEL = "-Onone";
			};
			name = Debug;
		};
		3872E2A31E8FA9E4000D44AF /* Release */ = {
			isa = XCBuildConfiguration;
			buildSettings = {
				ALWAYS_SEARCH_USER_PATHS = NO;
				CLANG_ANALYZER_NONNULL = YES;
				CLANG_ANALYZER_NUMBER_OBJECT_CONVERSION = YES_AGGRESSIVE;
				CLANG_CXX_LANGUAGE_STANDARD = "gnu++0x";
				CLANG_CXX_LIBRARY = "libc++";
				CLANG_ENABLE_MODULES = YES;
				CLANG_ENABLE_OBJC_ARC = YES;
				CLANG_WARN_BOOL_CONVERSION = YES;
				CLANG_WARN_CONSTANT_CONVERSION = YES;
				CLANG_WARN_DIRECT_OBJC_ISA_USAGE = YES_ERROR;
				CLANG_WARN_DOCUMENTATION_COMMENTS = YES;
				CLANG_WARN_EMPTY_BODY = YES;
				CLANG_WARN_ENUM_CONVERSION = YES;
				CLANG_WARN_INFINITE_RECURSION = YES;
				CLANG_WARN_INT_CONVERSION = YES;
				CLANG_WARN_OBJC_ROOT_CLASS = YES_ERROR;
				CLANG_WARN_SUSPICIOUS_MOVE = YES;
				CLANG_WARN_UNREACHABLE_CODE = YES;
				CLANG_WARN__DUPLICATE_METHOD_MATCH = YES;
				"CODE_SIGN_IDENTITY[sdk=iphoneos*]" = "iPhone Developer";
				COPY_PHASE_STRIP = NO;
				DEBUG_INFORMATION_FORMAT = "dwarf-with-dsym";
				ENABLE_NS_ASSERTIONS = NO;
				ENABLE_STRICT_OBJC_MSGSEND = YES;
				GCC_C_LANGUAGE_STANDARD = gnu99;
				GCC_NO_COMMON_BLOCKS = YES;
				GCC_WARN_64_TO_32_BIT_CONVERSION = YES;
				GCC_WARN_ABOUT_RETURN_TYPE = YES_ERROR;
				GCC_WARN_UNDECLARED_SELECTOR = YES;
				GCC_WARN_UNINITIALIZED_AUTOS = YES_AGGRESSIVE;
				GCC_WARN_UNUSED_FUNCTION = YES;
				GCC_WARN_UNUSED_VARIABLE = YES;
				IPHONEOS_DEPLOYMENT_TARGET = 10.3;
				MTL_ENABLE_DEBUG_INFO = NO;
				SDKROOT = iphoneos;
				SWIFT_OPTIMIZATION_LEVEL = "-Owholemodule";
				VALIDATE_PRODUCT = YES;
			};
			name = Release;
		};
		3872E2A51E8FA9E4000D44AF /* Debug */ = {
			isa = XCBuildConfiguration;
			baseConfigurationReference = ACD4DAED4FD9F336C2A45B7B /* Pods-TVM.debug.xcconfig */;
			buildSettings = {
				ASSETCATALOG_COMPILER_APPICON_NAME = AppIcon;
				DEVELOPMENT_TEAM = TPWG8G6ELX;
				INFOPLIST_FILE = TVM/Info.plist;
				LD_RUNPATH_SEARCH_PATHS = "$(inherited) @executable_path/Frameworks";
				PRODUCT_BUNDLE_IDENTIFIER = com.nunev.TVM;
				PRODUCT_NAME = "$(TARGET_NAME)";
				SWIFT_VERSION = 3.0;
			};
			name = Debug;
		};
		3872E2A61E8FA9E4000D44AF /* Release */ = {
			isa = XCBuildConfiguration;
			baseConfigurationReference = 505B7F3F94D9F4D146E1263D /* Pods-TVM.release.xcconfig */;
			buildSettings = {
				ASSETCATALOG_COMPILER_APPICON_NAME = AppIcon;
				DEVELOPMENT_TEAM = TPWG8G6ELX;
				INFOPLIST_FILE = TVM/Info.plist;
				LD_RUNPATH_SEARCH_PATHS = "$(inherited) @executable_path/Frameworks";
				PRODUCT_BUNDLE_IDENTIFIER = com.nunev.TVM;
				PRODUCT_NAME = "$(TARGET_NAME)";
				SWIFT_VERSION = 3.0;
			};
			name = Release;
		};
/* End XCBuildConfiguration section */

/* Begin XCConfigurationList section */
		3872E28D1E8FA9E4000D44AF /* Build configuration list for PBXProject "TVM" */ = {
			isa = XCConfigurationList;
			buildConfigurations = (
				3872E2A21E8FA9E4000D44AF /* Debug */,
				3872E2A31E8FA9E4000D44AF /* Release */,
			);
			defaultConfigurationIsVisible = 0;
			defaultConfigurationName = Release;
		};
		3872E2A41E8FA9E4000D44AF /* Build configuration list for PBXNativeTarget "TVM" */ = {
			isa = XCConfigurationList;
			buildConfigurations = (
				3872E2A51E8FA9E4000D44AF /* Debug */,
				3872E2A61E8FA9E4000D44AF /* Release */,
			);
			defaultConfigurationIsVisible = 0;
			defaultConfigurationName = Release;
		};
/* End XCConfigurationList section */
	};
	rootObject = 3872E28A1E8FA9E4000D44AF /* Project object */;
}
